
Microsoft Visual Studio Solution File, Format Version 12.00
# Visual Studio Version 17
VisualStudioVersion = 17.7.34024.191
MinimumVisualStudioVersion = 10.0.40219.1
Project("{FAE04EC0-301F-11D3-BF4B-00C04F79EFBC}") = "ResponsiJunproGVND", "ResponsiJunproGVND\ResponsiJunproGVND.csproj", "{99F41753-4B3A-41A8-886D-D5E9FB628E3E}"
EndProject
Global
	GlobalSection(SolutionConfigurationPlatforms) = preSolution
		Debug|Any CPU = Debug|Any CPU
		Release|Any CPU = Release|Any CPU
	EndGlobalSection
	GlobalSection(ProjectConfigurationPlatforms) = postSolution
		{99F41753-4B3A-41A8-886D-D5E9FB628E3E}.Debug|Any CPU.ActiveCfg = Debug|Any CPU
		{99F41753-4B3A-41A8-886D-D5E9FB628E3E}.Debug|Any CPU.Build.0 = Debug|Any CPU
		{99F41753-4B3A-41A8-886D-D5E9FB628E3E}.Release|Any CPU.ActiveCfg = Release|Any CPU
		{99F41753-4B3A-41A8-886D-D5E9FB628E3E}.Release|Any CPU.Build.0 = Release|Any CPU
	EndGlobalSection
	GlobalSection(SolutionProperties) = preSolution
		HideSolutionNode = FALSE
	EndGlobalSection
	GlobalSection(ExtensibilityGlobals) = postSolution
		SolutionGuid = {F921FB27-F460-454F-94D0-9AE88CC2BEF9}
	EndGlobalSection
EndGlobal
